
Microsoft Visual Studio Solution File, Format Version 12.00
# Visual Studio Version 16
VisualStudioVersion = 16.0.28729.10
MinimumVisualStudioVersion = 10.0.40219.1
Project("{9A19103F-16F7-4668-BE54-9A1E7A4F7556}") = "ContactForm", "ContactForm\ContactForm.csproj", "{D35AAE89-8388-4D86-9DE9-D4DDACDC646D}"
EndProject
Project("{FAE04EC0-301F-11D3-BF4B-00C04F79EFBC}") = "ContactForm.Model", "ContactForm.Model\ContactForm.Model.csproj", "{A86C0163-B182-4091-98AA-CED94D77A8C1}"
EndProject
Project("{FAE04EC0-301F-11D3-BF4B-00C04F79EFBC}") = "ContactForm.Data", "ContactForm.Data\ContactForm.Data.csproj", "{0CC5AF9F-FB5A-4DD6-A446-EE3489E626C7}"
EndProject
Project("{FAE04EC0-301F-11D3-BF4B-00C04F79EFBC}") = "ContactForm.UnitTests", "ContactForm.UnitTests\ContactForm.UnitTests.csproj", "{E6943FD9-DAA3-471A-AC02-149CB37067DF}"
EndProject
Global
	GlobalSection(SolutionConfigurationPlatforms) = preSolution
		Debug|Any CPU = Debug|Any CPU
		Release|Any CPU = Release|Any CPU
	EndGlobalSection
	GlobalSection(ProjectConfigurationPlatforms) = postSolution
		{D35AAE89-8388-4D86-9DE9-D4DDACDC646D}.Debug|Any CPU.ActiveCfg = Debug|Any CPU
		{D35AAE89-8388-4D86-9DE9-D4DDACDC646D}.Debug|Any CPU.Build.0 = Debug|Any CPU
		{D35AAE89-8388-4D86-9DE9-D4DDACDC646D}.Release|Any CPU.ActiveCfg = Release|Any CPU
		{D35AAE89-8388-4D86-9DE9-D4DDACDC646D}.Release|Any CPU.Build.0 = Release|Any CPU
		{A86C0163-B182-4091-98AA-CED94D77A8C1}.Debug|Any CPU.ActiveCfg = Debug|Any CPU
		{A86C0163-B182-4091-98AA-CED94D77A8C1}.Debug|Any CPU.Build.0 = Debug|Any CPU
		{A86C0163-B182-4091-98AA-CED94D77A8C1}.Release|Any CPU.ActiveCfg = Release|Any CPU
		{A86C0163-B182-4091-98AA-CED94D77A8C1}.Release|Any CPU.Build.0 = Release|Any CPU
		{0CC5AF9F-FB5A-4DD6-A446-EE3489E626C7}.Debug|Any CPU.ActiveCfg = Debug|Any CPU
		{0CC5AF9F-FB5A-4DD6-A446-EE3489E626C7}.Debug|Any CPU.Build.0 = Debug|Any CPU
		{0CC5AF9F-FB5A-4DD6-A446-EE3489E626C7}.Release|Any CPU.ActiveCfg = Release|Any CPU
		{0CC5AF9F-FB5A-4DD6-A446-EE3489E626C7}.Release|Any CPU.Build.0 = Release|Any CPU
		{E6943FD9-DAA3-471A-AC02-149CB37067DF}.Debug|Any CPU.ActiveCfg = Debug|Any CPU
		{E6943FD9-DAA3-471A-AC02-149CB37067DF}.Debug|Any CPU.Build.0 = Debug|Any CPU
		{E6943FD9-DAA3-471A-AC02-149CB37067DF}.Release|Any CPU.ActiveCfg = Release|Any CPU
		{E6943FD9-DAA3-471A-AC02-149CB37067DF}.Release|Any CPU.Build.0 = Release|Any CPU
	EndGlobalSection
	GlobalSection(SolutionProperties) = preSolution
		HideSolutionNode = FALSE
	EndGlobalSection
	GlobalSection(ExtensibilityGlobals) = postSolution
		SolutionGuid = {8FFC7F4C-01E1-4126-83A9-F7D4D8C42628}
	EndGlobalSection
EndGlobal
